
Microsoft Visual Studio Solution File, Format Version 12.00
# Visual Studio Version 17
VisualStudioVersion = 17.13.35825.156
MinimumVisualStudioVersion = 10.0.40219.1
Project("{FAE04EC0-301F-11D3-BF4B-00C04F79EFBC}") = "RecipeApp", "RecipeApp\RecipeApp.csproj", "{B5E9E321-F14B-4916-81D4-FD05D04D3E11}"
EndProject
Project("{2150E333-8FDC-42A3-9474-1A3956D46DE8}") = "Solution Items", "Solution Items", "{02EA681E-C7D8-13C7-8484-4AC65E1B71E8}"
	ProjectSection(SolutionItems) = preProject
		.editorconfig = .editorconfig
	EndProjectSection
EndProject
Project("{2150E333-8FDC-42A3-9474-1A3956D46DE8}") = "NewFolder1", "NewFolder1", "{C82B1761-DA0B-430B-A1F7-3EE78DDD357F}"
EndProject
Global
	GlobalSection(SolutionConfigurationPlatforms) = preSolution
		Debug|Any CPU = Debug|Any CPU
		Release|Any CPU = Release|Any CPU
	EndGlobalSection
	GlobalSection(ProjectConfigurationPlatforms) = postSolution
		{B5E9E321-F14B-4916-81D4-FD05D04D3E11}.Debug|Any CPU.ActiveCfg = Debug|Any CPU
		{B5E9E321-F14B-4916-81D4-FD05D04D3E11}.Debug|Any CPU.Build.0 = Debug|Any CPU
		{B5E9E321-F14B-4916-81D4-FD05D04D3E11}.Debug|Any CPU.Deploy.0 = Debug|Any CPU
		{B5E9E321-F14B-4916-81D4-FD05D04D3E11}.Release|Any CPU.ActiveCfg = Release|Any CPU
		{B5E9E321-F14B-4916-81D4-FD05D04D3E11}.Release|Any CPU.Build.0 = Release|Any CPU
	EndGlobalSection
	GlobalSection(SolutionProperties) = preSolution
		HideSolutionNode = FALSE
	EndGlobalSection
	GlobalSection(NestedProjects) = preSolution
		{C82B1761-DA0B-430B-A1F7-3EE78DDD357F} = {02EA681E-C7D8-13C7-8484-4AC65E1B71E8}
	EndGlobalSection
	GlobalSection(ExtensibilityGlobals) = postSolution
		SolutionGuid = {16DB8623-5FDE-4792-B747-C1AA9573033B}
	EndGlobalSection
EndGlobal
